Microsoft Visual Studio Solution File, Format Version 12.00
# Visual Studio Version 17
VisualStudioVersion = 17.5.2.0
MinimumVisualStudioVersion = 10.0.40219.1
Project("{FAE04EC0-301F-11D3-BF4B-00C04F79EFBC}") = "BAL", "BAL\BAL.csproj", "{BDDC5FC0-7E32-2AA9-3B5E-8F8683565341}"
EndProject
Project("{FAE04EC0-301F-11D3-BF4B-00C04F79EFBC}") = "DAL", "DAL\DAL.csproj", "{12357D34-2A02-1ECD-BC6C-D84ADDC1A72E}"
EndProject
Project("{FAE04EC0-301F-11D3-BF4B-00C04F79EFBC}") = "Try", "Try\Try.csproj", "{91AF9607-EB02-B890-672B-349721F48284}"
EndProject
Global
	GlobalSection(SolutionConfigurationPlatforms) = preSolution
		Debug|Any CPU = Debug|Any CPU
		Release|Any CPU = Release|Any CPU
	EndGlobalSection
	GlobalSection(ProjectConfigurationPlatforms) = postSolution
		{BDDC5FC0-7E32-2AA9-3B5E-8F8683565341}.Debug|Any CPU.ActiveCfg = Debug|Any CPU
		{BDDC5FC0-7E32-2AA9-3B5E-8F8683565341}.Debug|Any CPU.Build.0 = Debug|Any CPU
		{BDDC5FC0-7E32-2AA9-3B5E-8F8683565341}.Release|Any CPU.ActiveCfg = Release|Any CPU
		{BDDC5FC0-7E32-2AA9-3B5E-8F8683565341}.Release|Any CPU.Build.0 = Release|Any CPU
		{12357D34-2A02-1ECD-BC6C-D84ADDC1A72E}.Debug|Any CPU.ActiveCfg = Debug|Any CPU
		{12357D34-2A02-1ECD-BC6C-D84ADDC1A72E}.Debug|Any CPU.Build.0 = Debug|Any CPU
		{12357D34-2A02-1ECD-BC6C-D84ADDC1A72E}.Release|Any CPU.ActiveCfg = Release|Any CPU
		{12357D34-2A02-1ECD-BC6C-D84ADDC1A72E}.Release|Any CPU.Build.0 = Release|Any CPU
		{91AF9607-EB02-B890-672B-349721F48284}.Debug|Any CPU.ActiveCfg = Debug|Any CPU
		{91AF9607-EB02-B890-672B-349721F48284}.Debug|Any CPU.Build.0 = Debug|Any CPU
		{91AF9607-EB02-B890-672B-349721F48284}.Release|Any CPU.ActiveCfg = Release|Any CPU
		{91AF9607-EB02-B890-672B-349721F48284}.Release|Any CPU.Build.0 = Release|Any CPU
	EndGlobalSection
	GlobalSection(SolutionProperties) = preSolution
		HideSolutionNode = FALSE
	EndGlobalSection
	GlobalSection(ExtensibilityGlobals) = postSolution
		SolutionGuid = {40A3EFD9-9893-48DC-9CE3-8BD19DEA8B07}
	EndGlobalSection
EndGlobal
